
Microsoft Visual Studio Solution File, Format Version 12.00
# Visual Studio Version 16
VisualStudioVersion = 16.0.30717.126
MinimumVisualStudioVersion = 10.0.40219.1
Project("{FAE04EC0-301F-11D3-BF4B-00C04F79EFBC}") = "ReadNPassWebAPI", "ReadNPassWebAPI\ReadNPassWebAPI.csproj", "{09EFA824-6E6C-43C6-8612-CB186F00C4CD}"
EndProject
Project("{FAE04EC0-301F-11D3-BF4B-00C04F79EFBC}") = "ReadNPassWebAPI.AppServices", "ReadNPassWebAPI.AppServices\ReadNPassWebAPI.AppServices.csproj", "{5D4C7A33-B4D5-4400-A582-BD17999807FD}"
EndProject
Project("{FAE04EC0-301F-11D3-BF4B-00C04F79EFBC}") = "ReadNPassWebAPI.Domain", "ReadNPassWebAPI.Domain\ReadNPassWebAPI.Domain.csproj", "{90471AC4-17F6-44A5-BDD0-E2509F68DD03}"
EndProject
Project("{FAE04EC0-301F-11D3-BF4B-00C04F79EFBC}") = "ReadNPassWebAPI.Data", "ReadNPassWebAPI.Data\ReadNPassWebAPI.Data.csproj", "{3B9A9779-BDF1-474D-A0BB-8FE2599FF5B0}"
EndProject
Project("{FAE04EC0-301F-11D3-BF4B-00C04F79EFBC}") = "ReadNPassWebAPI.Core", "ReadNPassWebAPI.Core\ReadNPassWebAPI.Core.csproj", "{6B58D438-1A01-4DC0-A904-D81D5368D41F}"
EndProject
Global
	GlobalSection(SolutionConfigurationPlatforms) = preSolution
		Debug|Any CPU = Debug|Any CPU
		Release|Any CPU = Release|Any CPU
	EndGlobalSection
	GlobalSection(ProjectConfigurationPlatforms) = postSolution
		{09EFA824-6E6C-43C6-8612-CB186F00C4CD}.Debug|Any CPU.ActiveCfg = Debug|Any CPU
		{09EFA824-6E6C-43C6-8612-CB186F00C4CD}.Debug|Any CPU.Build.0 = Debug|Any CPU
		{09EFA824-6E6C-43C6-8612-CB186F00C4CD}.Release|Any CPU.ActiveCfg = Release|Any CPU
		{09EFA824-6E6C-43C6-8612-CB186F00C4CD}.Release|Any CPU.Build.0 = Release|Any CPU
		{5D4C7A33-B4D5-4400-A582-BD17999807FD}.Debug|Any CPU.ActiveCfg = Debug|Any CPU
		{5D4C7A33-B4D5-4400-A582-BD17999807FD}.Debug|Any CPU.Build.0 = Debug|Any CPU
		{5D4C7A33-B4D5-4400-A582-BD17999807FD}.Release|Any CPU.ActiveCfg = Release|Any CPU
		{5D4C7A33-B4D5-4400-A582-BD17999807FD}.Release|Any CPU.Build.0 = Release|Any CPU
		{90471AC4-17F6-44A5-BDD0-E2509F68DD03}.Debug|Any CPU.ActiveCfg = Debug|Any CPU
		{90471AC4-17F6-44A5-BDD0-E2509F68DD03}.Debug|Any CPU.Build.0 = Debug|Any CPU
		{90471AC4-17F6-44A5-BDD0-E2509F68DD03}.Release|Any CPU.ActiveCfg = Release|Any CPU
		{90471AC4-17F6-44A5-BDD0-E2509F68DD03}.Release|Any CPU.Build.0 = Release|Any CPU
		{3B9A9779-BDF1-474D-A0BB-8FE2599FF5B0}.Debug|Any CPU.ActiveCfg = Debug|Any CPU
		{3B9A9779-BDF1-474D-A0BB-8FE2599FF5B0}.Debug|Any CPU.Build.0 = Debug|Any CPU
		{3B9A9779-BDF1-474D-A0BB-8FE2599FF5B0}.Release|Any CPU.ActiveCfg = Release|Any CPU
		{3B9A9779-BDF1-474D-A0BB-8FE2599FF5B0}.Release|Any CPU.Build.0 = Release|Any CPU
		{6B58D438-1A01-4DC0-A904-D81D5368D41F}.Debug|Any CPU.ActiveCfg = Debug|Any CPU
		{6B58D438-1A01-4DC0-A904-D81D5368D41F}.Debug|Any CPU.Build.0 = Debug|Any CPU
		{6B58D438-1A01-4DC0-A904-D81D5368D41F}.Release|Any CPU.ActiveCfg = Release|Any CPU
		{6B58D438-1A01-4DC0-A904-D81D5368D41F}.Release|Any CPU.Build.0 = Release|Any CPU
	EndGlobalSection
	GlobalSection(SolutionProperties) = preSolution
		HideSolutionNode = FALSE
	EndGlobalSection
	GlobalSection(ExtensibilityGlobals) = postSolution
		SolutionGuid = {F59D6D7A-3542-4374-9145-5CD118B80896}
	EndGlobalSection
EndGlobal
